
Microsoft Visual Studio Solution File, Format Version 12.00
Project("{FAE04EC0-301F-11D3-BF4B-00C04F79EFBC}") = "APBDKolokwium1B", "APBDKolokwium1B\APBDKolokwium1B.csproj", "{2723D488-28FC-46B7-8155-7F69288B73CF}"
EndProject
Global
	GlobalSection(SolutionConfigurationPlatforms) = preSolution
		Debug|Any CPU = Debug|Any CPU
		Release|Any CPU = Release|Any CPU
	EndGlobalSection
	GlobalSection(ProjectConfigurationPlatforms) = postSolution
		{2723D488-28FC-46B7-8155-7F69288B73CF}.Debug|Any CPU.ActiveCfg = Debug|Any CPU
		{2723D488-28FC-46B7-8155-7F69288B73CF}.Debug|Any CPU.Build.0 = Debug|Any CPU
		{2723D488-28FC-46B7-8155-7F69288B73CF}.Release|Any CPU.ActiveCfg = Release|Any CPU
		{2723D488-28FC-46B7-8155-7F69288B73CF}.Release|Any CPU.Build.0 = Release|Any CPU
	EndGlobalSection
EndGlobal
